
Microsoft Visual Studio Solution File, Format Version 12.00
# Visual Studio Version 17
VisualStudioVersion = 17.14.36327.8 d17.14
MinimumVisualStudioVersion = 10.0.40219.1
Project("{FAE04EC0-301F-11D3-BF4B-00C04F79EFBC}") = "UDPBDTray", "UDPBDTray\UDPBDTray.csproj", "{4EADCF82-05B1-42CF-8789-D19FF76EBCF6}"
EndProject
Global
	GlobalSection(SolutionConfigurationPlatforms) = preSolution
		Debug|Any CPU = Debug|Any CPU
		Release|Any CPU = Release|Any CPU
	EndGlobalSection
	GlobalSection(ProjectConfigurationPlatforms) = postSolution
		{4EADCF82-05B1-42CF-8789-D19FF76EBCF6}.Debug|Any CPU.ActiveCfg = Debug|Any CPU
		{4EADCF82-05B1-42CF-8789-D19FF76EBCF6}.Debug|Any CPU.Build.0 = Debug|Any CPU
		{4EADCF82-05B1-42CF-8789-D19FF76EBCF6}.Release|Any CPU.ActiveCfg = Release|Any CPU
		{4EADCF82-05B1-42CF-8789-D19FF76EBCF6}.Release|Any CPU.Build.0 = Release|Any CPU
	EndGlobalSection
	GlobalSection(SolutionProperties) = preSolution
		HideSolutionNode = FALSE
	EndGlobalSection
	GlobalSection(ExtensibilityGlobals) = postSolution
		SolutionGuid = {94B7F603-72DA-4615-AA11-28F2CE6816FB}
	EndGlobalSection
EndGlobal
